PODS:
  - AFNetworking (1.2.1)
  - AGMedallionView (1.2.0)
  - AKTabBarController (1.0.1.2)
  - BlocksKit (1.8.2):
    - libffi
  - Expecta (0.2.1)
  - FMDB (2.0)
  - GCTagList (0.2pre)
  - KHGravatar (0.0.2):
    - AFNetworking (~> 1.0)
  - libextobjc/EXTKeyPathCoding (0.2.5):
    - libextobjc/RuntimeExtensions
  - libextobjc/EXTScope (0.2.5):
    - libextobjc/RuntimeExtensions
  - libextobjc/RuntimeExtensions (0.2.5)
  - libffi (3.0.11)
  - Mantle (1.0):
    - libextobjc/EXTKeyPathCoding
    - libextobjc/EXTScope
  - Specta (0.1.8)
  - sqlite3 (3.7.16.1)
  - StaticDataTableViewController (2.0.2)
  - SwipeView (1.2.9)

DEPENDENCIES:
  - AFNetworking (= 1.2.1)
  - AGMedallionView (from `https://github.com/opfo/AGMedallionView.git`)
  - AKTabBarController (from `https://raw.github.com/opfo/resources/master/Pods/AKTabBarController.podspec`)
  - BlocksKit
  - Expecta (= 0.2.1)
  - FMDB (from `git://github.com/ccgus/fmdb.git`)
  - GCTagList (from `git://github.com/opfo/GCTagList.git`)
  - KHGravatar (from `https://github.com/opfo/KHGravatar.git`)
  - Mantle (= 1.0)
  - Specta (= 0.1.8)
  - sqlite3 (from `https://raw.github.com/opfo/resources/master/Pods/sqlite3.podspec`)
  - StaticDataTableViewController (from `https://raw.github.com/xelvenone/StaticDataTableViewController/master/StaticDataTableViewController.podspec`)
  - SwipeView (from `https://raw.github.com/CocoaPods/Specs/master/SwipeView/1.2.9/SwipeView.podspec`)

EXTERNAL SOURCES:
  AGMedallionView:
    :git: https://github.com/opfo/AGMedallionView.git
  AKTabBarController:
    :podspec: https://raw.github.com/opfo/resources/master/Pods/AKTabBarController.podspec
  FMDB:
    :git: git://github.com/ccgus/fmdb.git
  GCTagList:
    :git: git://github.com/opfo/GCTagList.git
  KHGravatar:
    :git: https://github.com/opfo/KHGravatar.git
  sqlite3:
    :podspec: https://raw.github.com/opfo/resources/master/Pods/sqlite3.podspec
  StaticDataTableViewController:
    :podspec: https://raw.github.com/xelvenone/StaticDataTableViewController/master/StaticDataTableViewController.podspec
  SwipeView:
    :podspec: https://raw.github.com/CocoaPods/Specs/master/SwipeView/1.2.9/SwipeView.podspec

SPEC CHECKSUMS:
  AFNetworking: 616da0028916ce296f5c3cef74e5552eb4e10e13
  AGMedallionView: 5eeb9e90035d8da77c7ffcce83bd480b1503c1bd
  AKTabBarController: 7c67c1b401f9ad49031a67b68ccd6193227985ae
  BlocksKit: 7396526b0816734103f6133fbb1a520c8b04e80c
  Expecta: d46fb1bd78c90a83da0158b9b1e108de106e369f
  FMDB: 2fe05139e2cde6557d32282a541eba685583222e
  GCTagList: f2fb0d56eeee4ebd3505bd9cdb6b3628d73b133d
  KHGravatar: efd627eabbaa4277ff898f88a19979d6e65c0f89
  libextobjc: 2cbc74caf8bdc74a86fdf24673f773c83424ea98
  libffi: 8a1d9ba43c0c84b546b42c6f742714e73aa07ae1
  Mantle: aa9860e40cc365a094ef60fec46848fee7b03ca7
  Specta: 8a215d36842f2d29e888786937d1bf7f8725f780
  sqlite3: 19ef78909d086b66226c54b1e7d323556e640ca3
  StaticDataTableViewController: aa2a86d93ae0f592fa209aa4b4ddb753def572e8
  SwipeView: 4b05b28f0a2ea1c143459257e73a907912794700

COCOAPODS: 0.19.1
